// !$*UTF8*$!
{
	archiveVersion = 1;
	classes = {
	};
	objectVersion = 77;
	objects = {

/* Begin PBXBuildFile section */
		003E1F03B3E5BE4118E3A622 /* KeychainItemQuery.swift in Sources */ = {isa = PBXBuildFile; fileRef = B0B92277D88830B5C930AFE9 /* KeychainItemQuery.swift */; };
		0C4F845FFB07782E1930CD8F /* ConnectionsModel.swift in Sources */ = {isa = PBXBuildFile; fileRef = 36BC91AA5BE9AA897912F558 /* ConnectionsModel.swift */; };
		134C9CEEF577B85E1E8AE6C9 /* TerminalUITests.swift in Sources */ = {isa = PBXBuildFile; fileRef = 1D27F017056FBA03DF32FAB9 /* TerminalUITests.swift */; };
		1D87F07EE32D0036A46E49C6 /* SwiftTerm in Frameworks */ = {isa = PBXBuildFile; productRef = 9B51B5292826A7B97AEC1B8B /* SwiftTerm */; };
		1E8239A9D442975E278BC580 /* KeyStore.swift in Sources */ = {isa = PBXBuildFile; fileRef = 46E2297D5B8AE92971A50B51 /* KeyStore.swift */; };
		2094918AB8EEE268CADABBFF /* RestorableSessionsSection.swift in Sources */ = {isa = PBXBuildFile; fileRef = 85F308626C976A8E400809CB /* RestorableSessionsSection.swift */; };
		244AA1996D13F23B2AD54ED6 /* UITestSupport.swift in Sources */ = {isa = PBXBuildFile; fileRef = 774076500A1CEBAD4453F492 /* UITestSupport.swift */; };
		284B69C2FF8771B0240D09BC /* TerminalPreviewScreen.swift in Sources */ = {isa = PBXBuildFile; fileRef = 0033EA0A4C01195E5AABDB2D /* TerminalPreviewScreen.swift */; };
		29B39DB27868EFEB15E191B3 /* AppShellUITests.swift in Sources */ = {isa = PBXBuildFile; fileRef = 0C2517EC025088B5225948CC /* AppShellUITests.swift */; };
		2B421D6B4B2B91F3A8CB2AD5 /* SessionSceneModelTests.swift in Sources */ = {isa = PBXBuildFile; fileRef = 47A9CE4CDE7BEF960A702E76 /* SessionSceneModelTests.swift */; };
		2BA02D5A778F36FBF9572667 /* AgentForwardingTransport.swift in Sources */ = {isa = PBXBuildFile; fileRef = 624281FF6588F774E4DB04FE /* AgentForwardingTransport.swift */; };
		2D213F0D362476B37E37DA79 /* ImportKeySheet.swift in Sources */ = {isa = PBXBuildFile; fileRef = 90AA7BF199D1D695F3AF45C6 /* ImportKeySheet.swift */; };
		319181503859DF3D1596B9B7 /* CoderReauthenticationNotification.swift in Sources */ = {isa = PBXBuildFile; fileRef = 8E635B809E43C0D723316646 /* CoderReauthenticationNotification.swift */; };
		32E8468A95A29587C39FE784 /* SessionSwitcherView.swift in Sources */ = {isa = PBXBuildFile; fileRef = 50638FF5A5A0D978C5D92383 /* SessionSwitcherView.swift */; };
		3418FE04EAC92564CDE6192A /* GenerateKeySheet.swift in Sources */ = {isa = PBXBuildFile; fileRef = B56882464F9991334194CC89 /* GenerateKeySheet.swift */; };
		3C0B380AA9EC43A933FE5022 /* SessionSceneView.swift in Sources */ = {isa = PBXBuildFile; fileRef = BD0287D2E8B08AEF4C6E1573 /* SessionSceneView.swift */; };
		3E38F1AC7F803DAF9D0A0C53 /* ConnectionListView.swift in Sources */ = {isa = PBXBuildFile; fileRef = 81441524708395D7D99F5371 /* ConnectionListView.swift */; };
		4A45D7D97DCA09FAAF2B2948 /* AppearanceRegressionTests.swift in Sources */ = {isa = PBXBuildFile; fileRef = 65A141C1EDE720FBAB0B6BE1 /* AppearanceRegressionTests.swift */; };
		534658093132B1393471C151 /* CoderServersListView.swift in Sources */ = {isa = PBXBuildFile; fileRef = 55C4A32486AD36AF87D26E95 /* CoderServersListView.swift */; };
		5672839E124E656D01A53B13 /* SessionScenesUITests.swift in Sources */ = {isa = PBXBuildFile; fileRef = 9CDBD24515C3D13084296F43 /* SessionScenesUITests.swift */; };
		5899C6839CA64B474A14181E /* BicTermCore in Frameworks */ = {isa = PBXBuildFile; productRef = 5EF7E11A85EA166875A298AB /* BicTermCore */; };
		58AD691E421B331B15FEC2E0 /* ConnectionListContainer.swift in Sources */ = {isa = PBXBuildFile; fileRef = D1E6A7AFDAEAA36EA41A9CA4 /* ConnectionListContainer.swift */; };
		5B79C8BEA538915C4262F089 /* HostTrustFlowTests.swift in Sources */ = {isa = PBXBuildFile; fileRef = 3DCE34F57437B73C807EAA1F /* HostTrustFlowTests.swift */; };
		5F7BA31B518717F3F7C7D021 /* TestKeyInterposerController.swift in Sources */ = {isa = PBXBuildFile; fileRef = 6752FAECA4F5CB79E1BA7376 /* TestKeyInterposerController.swift */; };
		5F835DFB18FF5FD8CF4D8DCB /* ConnectionDraft.swift in Sources */ = {isa = PBXBuildFile; fileRef = F6158268C19E09108160238C /* ConnectionDraft.swift */; };
		6002E4C470E2A70D0F84298F /* CoderNet.xcframework in Frameworks */ = {isa = PBXBuildFile; fileRef = E20F350306A27C4DDBF8F31F /* CoderNet.xcframework */; };
		653238EAE77D214255CAE0C9 /* ConnectionEditorView.swift in Sources */ = {isa = PBXBuildFile; fileRef = 41191DBF20B2C68D6DE82B32 /* ConnectionEditorView.swift */; };
		6B407211A6E7D8DC950253D8 /* CoderServerDraftTests.swift in Sources */ = {isa = PBXBuildFile; fileRef = 2021A3E870796F577B2977B9 /* CoderServerDraftTests.swift */; };
		6E19487335AF8C03FEB7C0F4 /* BicTermApp.swift in Sources */ = {isa = PBXBuildFile; fileRef = C289650F4565C1664160B8C7 /* BicTermApp.swift */; };
		6F7EE096E6DB447C83442D62 /* ConnectionsModelRefreshTests.swift in Sources */ = {isa = PBXBuildFile; fileRef = 3E697BC1DA79131B6ABEB364 /* ConnectionsModelRefreshTests.swift */; };
		6FD5358551A0E19F97ED1530 /* ConnectionEditorUITests.swift in Sources */ = {isa = PBXBuildFile; fileRef = AC9D49C6A87E0DB11618CD14 /* ConnectionEditorUITests.swift */; };
		711559511BB17499758F1114 /* KeyManagementUITests.swift in Sources */ = {isa = PBXBuildFile; fileRef = 9F18C884665BF3F86194A4BF /* KeyManagementUITests.swift */; };
		73B74A79B5E082A858A1A057 /* TerminalRepresentable.swift in Sources */ = {isa = PBXBuildFile; fileRef = 72F6B16C93F08CF0572013BC /* TerminalRepresentable.swift */; };
		7665AF7E42BB6AFCA3E9D776 /* SettingsView.swift in Sources */ = {isa = PBXBuildFile; fileRef = 0D8D44A83957AC7F36D0CD8C /* SettingsView.swift */; };
		7ECD826B6F8E7E803919B456 /* TestHardwareKeyInjector.swift in Sources */ = {isa = PBXBuildFile; fileRef = 5A13F210FF53E6671F979A2E /* TestHardwareKeyInjector.swift */; };
		7F50B99237717A199E363CB4 /* CoderServersUITests.swift in Sources */ = {isa = PBXBuildFile; fileRef = 4A589E08AF85805C2A9B710B /* CoderServersUITests.swift */; };
		86D1F06915B8AAA328FD0E14 /* KeyDetailView.swift in Sources */ = {isa = PBXBuildFile; fileRef = 7A3DF18491E166F316B32504 /* KeyDetailView.swift */; };
		8DA59D87EB32B3B5A36C5E7D /* CoderServersModel.swift in Sources */ = {isa = PBXBuildFile; fileRef = FC2E5698ED63478D6A4779A2 /* CoderServersModel.swift */; };
		91B95DF6B15808EED01E416B /* Assets.xcassets in Resources */ = {isa = PBXBuildFile; fileRef = BC36ED99843A2E4B873D0239 /* Assets.xcassets */; };
		9AD44AAA5F80A46C30D1EB6F /* TerminalPreviewFixtureSupport.swift in Sources */ = {isa = PBXBuildFile; fileRef = 7C36645D6272EF6B34FA3FB1 /* TerminalPreviewFixtureSupport.swift */; };
		A00B8FAF70580F7FF98A180E /* AppServices.swift in Sources */ = {isa = PBXBuildFile; fileRef = AC40FE881EA5254125F945FC /* AppServices.swift */; };
		A1788EAE8111744A9154F9B6 /* SessionSceneModel.swift in Sources */ = {isa = PBXBuildFile; fileRef = 4B5D5D647028B7F7F7DE08EA /* SessionSceneModel.swift */; };
		A3BB00E1FDAFD1A91AC34477 /* TerminalPreviewController.swift in Sources */ = {isa = PBXBuildFile; fileRef = 9CFB83C2A7CB217492C7665D /* TerminalPreviewController.swift */; };
		A8730A2D762B88A0E44ACAF7 /* BuildFlavor.swift in Sources */ = {isa = PBXBuildFile; fileRef = 97442711C4879325940AACC4 /* BuildFlavor.swift */; };
		AD95CCC2EB578AE83D28684A /* CoderNetTunnel.swift in Sources */ = {isa = PBXBuildFile; fileRef = 2E7D257D8C3E9F16C4F07DED /* CoderNetTunnel.swift */; };
		AE1EF5FE88AF38169C4DD554 /* AgentApprovalFlowTests.swift in Sources */ = {isa = PBXBuildFile; fileRef = 0746BFF2E488F243F50E0AAA /* AgentApprovalFlowTests.swift */; };
		B2F30F2A1DE9B2D8645E2820 /* HopEditorView.swift in Sources */ = {isa = PBXBuildFile; fileRef = B329C25FF010C9C1415CE0A6 /* HopEditorView.swift */; };
		BB0CFD458302CF0425E761CF /* Tokens.swift in Sources */ = {isa = PBXBuildFile; fileRef = A5E4A32802CDA68657500A4B /* Tokens.swift */; };
		BC6DA94E2FF97089695962DA /* BuildFlavorTests.swift in Sources */ = {isa = PBXBuildFile; fileRef = 2CA12AC5326AC0D61660DFA8 /* BuildFlavorTests.swift */; };
		BDBD121E184B6AC6E8A9D90F /* HostTrustPromptView.swift in Sources */ = {isa = PBXBuildFile; fileRef = CD5B5AD127720ADA9A0A5B37 /* HostTrustPromptView.swift */; };
		BE19021C29A670955AF30EF7 /* KeyManagementView.swift in Sources */ = {isa = PBXBuildFile; fileRef = 24A31C48CAEA2E4FF1ABFA3A /* KeyManagementView.swift */; };
		BFF410723B947099D87CFC8B /* TerminalViewCacheTests.swift in Sources */ = {isa = PBXBuildFile; fileRef = B6CDD916B160E5DD532DFF9D /* TerminalViewCacheTests.swift */; };
		C7892BFCEC4610D03B6487D4 /* TerminalViewCache.swift in Sources */ = {isa = PBXBuildFile; fileRef = BBABDE7A48843489C4AC9F70 /* TerminalViewCache.swift */; };
		CA86324DF51EB11DCF30E58C /* BiometricGate.swift in Sources */ = {isa = PBXBuildFile; fileRef = 6FF352F1826605B4001C63F6 /* BiometricGate.swift */; };
		D25139DEAFE71F81BBA109AB /* BicTermCore in Frameworks */ = {isa = PBXBuildFile; productRef = 10A6439A3567664EED42EF68 /* BicTermCore */; };
		D8AED0939BC87B73CC84E2EE /* CoderWorkspaceConnectionModel.swift in Sources */ = {isa = PBXBuildFile; fileRef = D33C2C2243BFF07FBCBAE9B4 /* CoderWorkspaceConnectionModel.swift */; };
		D9FD5EA5305062DEDFA56CBB /* TerminalPlaceholderView.swift in Sources */ = {isa = PBXBuildFile; fileRef = 516FED77F0AEC63003EAED5A /* TerminalPlaceholderView.swift */; };
		E10EE573D6ED3C15B44076A5 /* SessionID.swift in Sources */ = {isa = PBXBuildFile; fileRef = 5C8A861A10E23A356696C807 /* SessionID.swift */; };
		E1166441A7CE6F85ABDFF801 /* SessionUITestSupport.swift in Sources */ = {isa = PBXBuildFile; fileRef = 75FF453C00FD5311FA3B84AB /* SessionUITestSupport.swift */; };
		E3A1CDB95A052B46F21493C5 /* PasswordAuthUITests.swift in Sources */ = {isa = PBXBuildFile; fileRef = B1D7C8BE6D1EEB5B39031F25 /* PasswordAuthUITests.swift */; };
		E6ABAFEEC96C0E7062B95DC5 /* AgentApprovalPresenter.swift in Sources */ = {isa = PBXBuildFile; fileRef = DA5CD19F0365C45C630C3747 /* AgentApprovalPresenter.swift */; };
		F0C1BB372E98C6C60F78E20B /* CoderServersModelTests.swift in Sources */ = {isa = PBXBuildFile; fileRef = 4D5FC5927F4134FE3ED24B6E /* CoderServersModelTests.swift */; };
		F21EDD308CA574A7D6833409 /* SessionSwitcherUITests.swift in Sources */ = {isa = PBXBuildFile; fileRef = 91CE759126C72FF9092D43CD /* SessionSwitcherUITests.swift */; };
		F282989B83C5EA816A7A10C4 /* CoderServerDraft.swift in Sources */ = {isa = PBXBuildFile; fileRef = 143D6173787F8736112DB4C7 /* CoderServerDraft.swift */; };
		F3FE3FBADE8BD18959DBB69E /* KeyStoreImportTests.swift in Sources */ = {isa = PBXBuildFile; fileRef = 07569DAAA0643D6C78D17A7F /* KeyStoreImportTests.swift */; };
		FBBAA8B1E534537D742913FB /* KeyPickerView.swift in Sources */ = {isa = PBXBuildFile; fileRef = BF3525BCE2B2B3E65AE0887C /* KeyPickerView.swift */; };
		FD920506C8DAB4195B8A2480 /* CoderServerEditorView.swift in Sources */ = {isa = PBXBuildFile; fileRef = 7A6382C5E6398961730622C4 /* CoderServerEditorView.swift */; };
		FFBA5AE2680015B8952DBED8 /* SessionStore.swift in Sources */ = {isa = PBXBuildFile; fileRef = 65ADA7DE2D6495711BA03590 /* SessionStore.swift */; };
/* End PBXBuildFile section */

/* Begin PBXContainerItemProxy section */
		24AD007915B81A0813864359 /* PBXContainerItemProxy */ = {
			isa = PBXContainerItemProxy;
			containerPortal = 93055CA7830C9DC92661BB4E /* Project object */;
			proxyType = 1;
			remoteGlobalIDString = 17B4C77B34986DDAE79D17D5;
			remoteInfo = BicTerm;
		};
		45ED9703D7206650BF598444 /* PBXContainerItemProxy */ = {
			isa = PBXContainerItemProxy;
			containerPortal = 93055CA7830C9DC92661BB4E /* Project object */;
			proxyType = 1;
			remoteGlobalIDString = 17B4C77B34986DDAE79D17D5;
			remoteInfo = BicTerm;
		};
/* End PBXContainerItemProxy section */

/* Begin PBXFileReference section */
		0033EA0A4C01195E5AABDB2D /* TerminalPreviewScreen.swift */ = {isa = PBXFileReference; lastKnownFileType = sourcecode.swift; path = TerminalPreviewScreen.swift; sourceTree = "<group>"; };
		0746BFF2E488F243F50E0AAA /* AgentApprovalFlowTests.swift */ = {isa = PBXFileReference; lastKnownFileType = sourcecode.swift; path = AgentApprovalFlowTests.swift; sourceTree = "<group>"; };
		07569DAAA0643D6C78D17A7F /* KeyStoreImportTests.swift */ = {isa = PBXFileReference; lastKnownFileType = sourcecode.swift; path = KeyStoreImportTests.swift; sourceTree = "<group>"; };
		0C2517EC025088B5225948CC /* AppShellUITests.swift */ = {isa = PBXFileReference; lastKnownFileType = sourcecode.swift; path = AppShellUITests.swift; sourceTree = "<group>"; };
		0D8D44A83957AC7F36D0CD8C /* SettingsView.swift */ = {isa = PBXFileReference; lastKnownFileType = sourcecode.swift; path = SettingsView.swift; sourceTree = "<group>"; };
		143D6173787F8736112DB4C7 /* CoderServerDraft.swift */ = {isa = PBXFileReference; lastKnownFileType = sourcecode.swift; path = CoderServerDraft.swift; sourceTree = "<group>"; };
		179810ADBBA7875AD270AF28 /* SwiftTerm */ = {isa = PBXFileReference; lastKnownFileType = folder; name = SwiftTerm; path = Vendor/SwiftTerm; sourceTree = SOURCE_ROOT; };
		1D27F017056FBA03DF32FAB9 /* TerminalUITests.swift */ = {isa = PBXFileReference; lastKnownFileType = sourcecode.swift; path = TerminalUITests.swift; sourceTree = "<group>"; };
		2021A3E870796F577B2977B9 /* CoderServerDraftTests.swift */ = {isa = PBXFileReference; lastKnownFileType = sourcecode.swift; path = CoderServerDraftTests.swift; sourceTree = "<group>"; };
		24A31C48CAEA2E4FF1ABFA3A /* KeyManagementView.swift */ = {isa = PBXFileReference; lastKnownFileType = sourcecode.swift; path = KeyManagementView.swift; sourceTree = "<group>"; };
		2CA12AC5326AC0D61660DFA8 /* BuildFlavorTests.swift */ = {isa = PBXFileReference; lastKnownFileType = sourcecode.swift; path = BuildFlavorTests.swift; sourceTree = "<group>"; };
		2E7D257D8C3E9F16C4F07DED /* CoderNetTunnel.swift */ = {isa = PBXFileReference; lastKnownFileType = sourcecode.swift; path = CoderNetTunnel.swift; sourceTree = "<group>"; };
		36BC91AA5BE9AA897912F558 /* ConnectionsModel.swift */ = {isa = PBXFileReference; lastKnownFileType = sourcecode.swift; path = ConnectionsModel.swift; sourceTree = "<group>"; };
		3DCE34F57437B73C807EAA1F /* HostTrustFlowTests.swift */ = {isa = PBXFileReference; lastKnownFileType = sourcecode.swift; path = HostTrustFlowTests.swift; sourceTree = "<group>"; };
		3E697BC1DA79131B6ABEB364 /* ConnectionsModelRefreshTests.swift */ = {isa = PBXFileReference; lastKnownFileType = sourcecode.swift; path = ConnectionsModelRefreshTests.swift; sourceTree = "<group>"; };
		41191DBF20B2C68D6DE82B32 /* ConnectionEditorView.swift */ = {isa = PBXFileReference; lastKnownFileType = sourcecode.swift; path = ConnectionEditorView.swift; sourceTree = "<group>"; };
		46E2297D5B8AE92971A50B51 /* KeyStore.swift */ = {isa = PBXFileReference; lastKnownFileType = sourcecode.swift; path = KeyStore.swift; sourceTree = "<group>"; };
		47A9CE4CDE7BEF960A702E76 /* SessionSceneModelTests.swift */ = {isa = PBXFileReference; lastKnownFileType = sourcecode.swift; path = SessionSceneModelTests.swift; sourceTree = "<group>"; };
		4A589E08AF85805C2A9B710B /* CoderServersUITests.swift */ = {isa = PBXFileReference; lastKnownFileType = sourcecode.swift; path = CoderServersUITests.swift; sourceTree = "<group>"; };
		4B5D5D647028B7F7F7DE08EA /* SessionSceneModel.swift */ = {isa = PBXFileReference; lastKnownFileType = sourcecode.swift; path = SessionSceneModel.swift; sourceTree = "<group>"; };
		4D5FC5927F4134FE3ED24B6E /* CoderServersModelTests.swift */ = {isa = PBXFileReference; lastKnownFileType = sourcecode.swift; path = CoderServersModelTests.swift; sourceTree = "<group>"; };
		50638FF5A5A0D978C5D92383 /* SessionSwitcherView.swift */ = {isa = PBXFileReference; lastKnownFileType = sourcecode.swift; path = SessionSwitcherView.swift; sourceTree = "<group>"; };
		516FED77F0AEC63003EAED5A /* TerminalPlaceholderView.swift */ = {isa = PBXFileReference; lastKnownFileType = sourcecode.swift; path = TerminalPlaceholderView.swift; sourceTree = "<group>"; };
		55C4A32486AD36AF87D26E95 /* CoderServersListView.swift */ = {isa = PBXFileReference; lastKnownFileType = sourcecode.swift; path = CoderServersListView.swift; sourceTree = "<group>"; };
		5A13F210FF53E6671F979A2E /* TestHardwareKeyInjector.swift */ = {isa = PBXFileReference; lastKnownFileType = sourcecode.swift; path = TestHardwareKeyInjector.swift; sourceTree = "<group>"; };
		5C8A861A10E23A356696C807 /* SessionID.swift */ = {isa = PBXFileReference; lastKnownFileType = sourcecode.swift; path = SessionID.swift; sourceTree = "<group>"; };
		624281FF6588F774E4DB04FE /* AgentForwardingTransport.swift */ = {isa = PBXFileReference; lastKnownFileType = sourcecode.swift; path = AgentForwardingTransport.swift; sourceTree = "<group>"; };
		65A141C1EDE720FBAB0B6BE1 /* AppearanceRegressionTests.swift */ = {isa = PBXFileReference; lastKnownFileType = sourcecode.swift; path = AppearanceRegressionTests.swift; sourceTree = "<group>"; };
		65ADA7DE2D6495711BA03590 /* SessionStore.swift */ = {isa = PBXFileReference; lastKnownFileType = sourcecode.swift; path = SessionStore.swift; sourceTree = "<group>"; };
		6752FAECA4F5CB79E1BA7376 /* TestKeyInterposerController.swift */ = {isa = PBXFileReference; lastKnownFileType = sourcecode.swift; path = TestKeyInterposerController.swift; sourceTree = "<group>"; };
		6CF550C75502C64FB5B71669 /* BicTermTests.xctest */ = {isa = PBXFileReference; includeInIndex = 0; lastKnownFileType = wrapper.cfbundle; path = BicTermTests.xctest; sourceTree = BUILT_PRODUCTS_DIR; };
		6FF352F1826605B4001C63F6 /* BiometricGate.swift */ = {isa = PBXFileReference; lastKnownFileType = sourcecode.swift; path = BiometricGate.swift; sourceTree = "<group>"; };
		72F6B16C93F08CF0572013BC /* TerminalRepresentable.swift */ = {isa = PBXFileReference; lastKnownFileType = sourcecode.swift; path = TerminalRepresentable.swift; sourceTree = "<group>"; };
		75FF453C00FD5311FA3B84AB /* SessionUITestSupport.swift */ = {isa = PBXFileReference; lastKnownFileType = sourcecode.swift; path = SessionUITestSupport.swift; sourceTree = "<group>"; };
		774076500A1CEBAD4453F492 /* UITestSupport.swift */ = {isa = PBXFileReference; lastKnownFileType = sourcecode.swift; path = UITestSupport.swift; sourceTree = "<group>"; };
		7A3DF18491E166F316B32504 /* KeyDetailView.swift */ = {isa = PBXFileReference; lastKnownFileType = sourcecode.swift; path = KeyDetailView.swift; sourceTree = "<group>"; };
		7A6382C5E6398961730622C4 /* CoderServerEditorView.swift */ = {isa = PBXFileReference; lastKnownFileType = sourcecode.swift; path = CoderServerEditorView.swift; sourceTree = "<group>"; };
		7C36645D6272EF6B34FA3FB1 /* TerminalPreviewFixtureSupport.swift */ = {isa = PBXFileReference; lastKnownFileType = sourcecode.swift; path = TerminalPreviewFixtureSupport.swift; sourceTree = "<group>"; };
		81441524708395D7D99F5371 /* ConnectionListView.swift */ = {isa = PBXFileReference; lastKnownFileType = sourcecode.swift; path = ConnectionListView.swift; sourceTree = "<group>"; };
		8235C520441261DAB3066FB7 /* CoderTunnel.framework */ = {isa = PBXFileReference; explicitFileType = wrapper.framework; includeInIndex = 0; path = CoderTunnel.framework; sourceTree = BUILT_PRODUCTS_DIR; };
		85F308626C976A8E400809CB /* RestorableSessionsSection.swift */ = {isa = PBXFileReference; lastKnownFileType = sourcecode.swift; path = RestorableSessionsSection.swift; sourceTree = "<group>"; };
		8DA7F0E98571945AA93C71E0 /* BicTerm.app */ = {isa = PBXFileReference; includeInIndex = 0; lastKnownFileType = wrapper.application; path = BicTerm.app; sourceTree = BUILT_PRODUCTS_DIR; };
		8E635B809E43C0D723316646 /* CoderReauthenticationNotification.swift */ = {isa = PBXFileReference; lastKnownFileType = sourcecode.swift; path = CoderReauthenticationNotification.swift; sourceTree = "<group>"; };
		90AA7BF199D1D695F3AF45C6 /* ImportKeySheet.swift */ = {isa = PBXFileReference; lastKnownFileType = sourcecode.swift; path = ImportKeySheet.swift; sourceTree = "<group>"; };
		91CE759126C72FF9092D43CD /* SessionSwitcherUITests.swift */ = {isa = PBXFileReference; lastKnownFileType = sourcecode.swift; path = SessionSwitcherUITests.swift; sourceTree = "<group>"; };
		97442711C4879325940AACC4 /* BuildFlavor.swift */ = {isa = PBXFileReference; lastKnownFileType = sourcecode.swift; path = BuildFlavor.swift; sourceTree = "<group>"; };
		9CDBD24515C3D13084296F43 /* SessionScenesUITests.swift */ = {isa = PBXFileReference; lastKnownFileType = sourcecode.swift; path = SessionScenesUITests.swift; sourceTree = "<group>"; };
		9CFB83C2A7CB217492C7665D /* TerminalPreviewController.swift */ = {isa = PBXFileReference; lastKnownFileType = sourcecode.swift; path = TerminalPreviewController.swift; sourceTree = "<group>"; };
		9F18C884665BF3F86194A4BF /* KeyManagementUITests.swift */ = {isa = PBXFileReference; lastKnownFileType = sourcecode.swift; path = KeyManagementUITests.swift; sourceTree = "<group>"; };
		A5E4A32802CDA68657500A4B /* Tokens.swift */ = {isa = PBXFileReference; lastKnownFileType = sourcecode.swift; path = Tokens.swift; sourceTree = "<group>"; };
		AC40FE881EA5254125F945FC /* AppServices.swift */ = {isa = PBXFileReference; lastKnownFileType = sourcecode.swift; path = AppServices.swift; sourceTree = "<group>"; };
		AC9D49C6A87E0DB11618CD14 /* ConnectionEditorUITests.swift */ = {isa = PBXFileReference; lastKnownFileType = sourcecode.swift; path = ConnectionEditorUITests.swift; sourceTree = "<group>"; };
		B0B92277D88830B5C930AFE9 /* KeychainItemQuery.swift */ = {isa = PBXFileReference; lastKnownFileType = sourcecode.swift; path = KeychainItemQuery.swift; sourceTree = "<group>"; };
		B1D7C8BE6D1EEB5B39031F25 /* PasswordAuthUITests.swift */ = {isa = PBXFileReference; lastKnownFileType = sourcecode.swift; path = PasswordAuthUITests.swift; sourceTree = "<group>"; };
		B329C25FF010C9C1415CE0A6 /* HopEditorView.swift */ = {isa = PBXFileReference; lastKnownFileType = sourcecode.swift; path = HopEditorView.swift; sourceTree = "<group>"; };
		B56882464F9991334194CC89 /* GenerateKeySheet.swift */ = {isa = PBXFileReference; lastKnownFileType = sourcecode.swift; path = GenerateKeySheet.swift; sourceTree = "<group>"; };
		B6CDD916B160E5DD532DFF9D /* TerminalViewCacheTests.swift */ = {isa = PBXFileReference; lastKnownFileType = sourcecode.swift; path = TerminalViewCacheTests.swift; sourceTree = "<group>"; };
		BBABDE7A48843489C4AC9F70 /* TerminalViewCache.swift */ = {isa = PBXFileReference; lastKnownFileType = sourcecode.swift; path = TerminalViewCache.swift; sourceTree = "<group>"; };
		BC36ED99843A2E4B873D0239 /* Assets.xcassets */ = {isa = PBXFileReference; lastKnownFileType = folder.assetcatalog; path = Assets.xcassets; sourceTree = "<group>"; };
		BD0287D2E8B08AEF4C6E1573 /* SessionSceneView.swift */ = {isa = PBXFileReference; lastKnownFileType = sourcecode.swift; path = SessionSceneView.swift; sourceTree = "<group>"; };
		BF3525BCE2B2B3E65AE0887C /* KeyPickerView.swift */ = {isa = PBXFileReference; lastKnownFileType = sourcecode.swift; path = KeyPickerView.swift; sourceTree = "<group>"; };
		C289650F4565C1664160B8C7 /* BicTermApp.swift */ = {isa = PBXFileReference; lastKnownFileType = sourcecode.swift; path = BicTermApp.swift; sourceTree = "<group>"; };
		C574DA19DB7AEC2868E7EB60 /* BicTermUITests.xctest */ = {isa = PBXFileReference; includeInIndex = 0; lastKnownFileType = wrapper.cfbundle; path = BicTermUITests.xctest; sourceTree = BUILT_PRODUCTS_DIR; };
		CD5B5AD127720ADA9A0A5B37 /* HostTrustPromptView.swift */ = {isa = PBXFileReference; lastKnownFileType = sourcecode.swift; path = HostTrustPromptView.swift; sourceTree = "<group>"; };
		D1E6A7AFDAEAA36EA41A9CA4 /* ConnectionListContainer.swift */ = {isa = PBXFileReference; lastKnownFileType = sourcecode.swift; path = ConnectionListContainer.swift; sourceTree = "<group>"; };
		D33C2C2243BFF07FBCBAE9B4 /* CoderWorkspaceConnectionModel.swift */ = {isa = PBXFileReference; lastKnownFileType = sourcecode.swift; path = CoderWorkspaceConnectionModel.swift; sourceTree = "<group>"; };
		DA5CD19F0365C45C630C3747 /* AgentApprovalPresenter.swift */ = {isa = PBXFileReference; lastKnownFileType = sourcecode.swift; path = AgentApprovalPresenter.swift; sourceTree = "<group>"; };
		E20F350306A27C4DDBF8F31F /* CoderNet.xcframework */ = {isa = PBXFileReference; lastKnownFileType = wrapper.xcframework; name = CoderNet.xcframework; path = ".build-artifacts/coder-net/CoderNet.xcframework"; sourceTree = "<group>"; };
		E76A6A24C5E64A49A72CDFDB /* BicTermCore */ = {isa = PBXFileReference; lastKnownFileType = folder; name = BicTermCore; path = BicTermCore; sourceTree = SOURCE_ROOT; };
		F6158268C19E09108160238C /* ConnectionDraft.swift */ = {isa = PBXFileReference; lastKnownFileType = sourcecode.swift; path = ConnectionDraft.swift; sourceTree = "<group>"; };
		FC2E5698ED63478D6A4779A2 /* CoderServersModel.swift */ = {isa = PBXFileReference; lastKnownFileType = sourcecode.swift; path = CoderServersModel.swift; sourceTree = "<group>"; };
/* End PBXFileReference section */

/* Begin PBXFrameworksBuildPhase section */
		8FF4D2E3F65C3C62E8D896C8 /* Frameworks */ = {
			isa = PBXFrameworksBuildPhase;
			buildActionMask = 2147483647;
			files = (
				5899C6839CA64B474A14181E /* BicTermCore in Frameworks */,
				1D87F07EE32D0036A46E49C6 /* SwiftTerm in Frameworks */,
			);
			runOnlyForDeploymentPostprocessing = 0;
		};
		98C86E73F43570E1F2AEE430 /* Frameworks */ = {
			isa = PBXFrameworksBuildPhase;
			buildActionMask = 2147483647;
			files = (
				D25139DEAFE71F81BBA109AB /* BicTermCore in Frameworks */,
				6002E4C470E2A70D0F84298F /* CoderNet.xcframework in Frameworks */,
			);
			runOnlyForDeploymentPostprocessing = 0;
		};
/* End PBXFrameworksBuildPhase section */

/* Begin PBXGroup section */
		176F20B32C2186101BF6F943 /* Agent */ = {
			isa = PBXGroup;
			children = (
				DA5CD19F0365C45C630C3747 /* AgentApprovalPresenter.swift */,
				624281FF6588F774E4DB04FE /* AgentForwardingTransport.swift */,
			);
			path = Agent;
			sourceTree = "<group>";
		};
		2026ADCF9F3C53FA28B9BF4D /* Terminal */ = {
			isa = PBXGroup;
			children = (
				516FED77F0AEC63003EAED5A /* TerminalPlaceholderView.swift */,
				9CFB83C2A7CB217492C7665D /* TerminalPreviewController.swift */,
				7C36645D6272EF6B34FA3FB1 /* TerminalPreviewFixtureSupport.swift */,
				0033EA0A4C01195E5AABDB2D /* TerminalPreviewScreen.swift */,
				72F6B16C93F08CF0572013BC /* TerminalRepresentable.swift */,
				BBABDE7A48843489C4AC9F70 /* TerminalViewCache.swift */,
				5A13F210FF53E6671F979A2E /* TestHardwareKeyInjector.swift */,
				6752FAECA4F5CB79E1BA7376 /* TestKeyInterposerController.swift */,
			);
			path = Terminal;
			sourceTree = "<group>";
		};
		3E6FC174D33F85AE7A0D4EFB /* Packages */ = {
			isa = PBXGroup;
			children = (
				E76A6A24C5E64A49A72CDFDB /* BicTermCore */,
				179810ADBBA7875AD270AF28 /* SwiftTerm */,
			);
			name = Packages;
			sourceTree = "<group>";
		};
		4CDA2A66738B7D661C10C3A1 /* Products */ = {
			isa = PBXGroup;
			children = (
				8DA7F0E98571945AA93C71E0 /* BicTerm.app */,
				6CF550C75502C64FB5B71669 /* BicTermTests.xctest */,
				C574DA19DB7AEC2868E7EB60 /* BicTermUITests.xctest */,
				8235C520441261DAB3066FB7 /* CoderTunnel.framework */,
			);
			name = Products;
			sourceTree = "<group>";
		};
		5F0230DE98DB22C69D957D79 /* Coder */ = {
			isa = PBXGroup;
			children = (
				8E635B809E43C0D723316646 /* CoderReauthenticationNotification.swift */,
				143D6173787F8736112DB4C7 /* CoderServerDraft.swift */,
				7A6382C5E6398961730622C4 /* CoderServerEditorView.swift */,
				55C4A32486AD36AF87D26E95 /* CoderServersListView.swift */,
				FC2E5698ED63478D6A4779A2 /* CoderServersModel.swift */,
				D33C2C2243BFF07FBCBAE9B4 /* CoderWorkspaceConnectionModel.swift */,
			);
			path = Coder;
			sourceTree = "<group>";
		};
		628AFF7D793DB1EC67CB783E /* Design */ = {
			isa = PBXGroup;
			children = (
				A5E4A32802CDA68657500A4B /* Tokens.swift */,
			);
			path = Design;
			sourceTree = "<group>";
		};
		680403774B0C07DB52654972 /* CoderTunnel */ = {
			isa = PBXGroup;
			children = (
				2E7D257D8C3E9F16C4F07DED /* CoderNetTunnel.swift */,
			);
			path = CoderTunnel;
			sourceTree = "<group>";
		};
		7FEB251342F45A74EF79E126 /* BicTerm */ = {
			isa = PBXGroup;
			children = (
				176F20B32C2186101BF6F943 /* Agent */,
				EE683EA8833F9C31D0ACB853 /* App */,
				5F0230DE98DB22C69D957D79 /* Coder */,
				863110E170C5AFE67E11BF86 /* Connections */,
				628AFF7D793DB1EC67CB783E /* Design */,
				D5CCBDCA161438CF7E36563F /* Keys */,
				83E18689D6F64CB706890C03 /* Resources */,
				CE3385CA4711B5D3F3964B00 /* Sessions */,
				C261689BC13A8E654E78BB21 /* Settings */,
				2026ADCF9F3C53FA28B9BF4D /* Terminal */,
			);
			path = BicTerm;
			sourceTree = "<group>";
		};
		83E18689D6F64CB706890C03 /* Resources */ = {
			isa = PBXGroup;
			children = (
				BC36ED99843A2E4B873D0239 /* Assets.xcassets */,
			);
			path = Resources;
			sourceTree = "<group>";
		};
		863110E170C5AFE67E11BF86 /* Connections */ = {
			isa = PBXGroup;
			children = (
				AC40FE881EA5254125F945FC /* AppServices.swift */,
				F6158268C19E09108160238C /* ConnectionDraft.swift */,
				41191DBF20B2C68D6DE82B32 /* ConnectionEditorView.swift */,
				D1E6A7AFDAEAA36EA41A9CA4 /* ConnectionListContainer.swift */,
				81441524708395D7D99F5371 /* ConnectionListView.swift */,
				36BC91AA5BE9AA897912F558 /* ConnectionsModel.swift */,
				B329C25FF010C9C1415CE0A6 /* HopEditorView.swift */,
				BF3525BCE2B2B3E65AE0887C /* KeyPickerView.swift */,
			);
			path = Connections;
			sourceTree = "<group>";
		};
		8E1EA8E423629833E48BF482 /* Frameworks */ = {
			isa = PBXGroup;
			children = (
				E20F350306A27C4DDBF8F31F /* CoderNet.xcframework */,
			);
			name = Frameworks;
			sourceTree = "<group>";
		};
		AD83FDD29212AE3067E4873B = {
			isa = PBXGroup;
			children = (
				7FEB251342F45A74EF79E126 /* BicTerm */,
				CB1A3EB086A39058084CF601 /* BicTermTests */,
				BD1AF66489E32986291FA9B0 /* BicTermUITests */,
				680403774B0C07DB52654972 /* CoderTunnel */,
				3E6FC174D33F85AE7A0D4EFB /* Packages */,
				8E1EA8E423629833E48BF482 /* Frameworks */,
				4CDA2A66738B7D661C10C3A1 /* Products */,
			);
			sourceTree = "<group>";
		};
		BD1AF66489E32986291FA9B0 /* BicTermUITests */ = {
			isa = PBXGroup;
			children = (
				0C2517EC025088B5225948CC /* AppShellUITests.swift */,
				4A589E08AF85805C2A9B710B /* CoderServersUITests.swift */,
				AC9D49C6A87E0DB11618CD14 /* ConnectionEditorUITests.swift */,
				9F18C884665BF3F86194A4BF /* KeyManagementUITests.swift */,
				B1D7C8BE6D1EEB5B39031F25 /* PasswordAuthUITests.swift */,
				9CDBD24515C3D13084296F43 /* SessionScenesUITests.swift */,
				91CE759126C72FF9092D43CD /* SessionSwitcherUITests.swift */,
				1D27F017056FBA03DF32FAB9 /* TerminalUITests.swift */,
			);
			path = BicTermUITests;
			sourceTree = "<group>";
		};
		C261689BC13A8E654E78BB21 /* Settings */ = {
			isa = PBXGroup;
			children = (
				0D8D44A83957AC7F36D0CD8C /* SettingsView.swift */,
			);
			path = Settings;
			sourceTree = "<group>";
		};
		CB1A3EB086A39058084CF601 /* BicTermTests */ = {
			isa = PBXGroup;
			children = (
				0746BFF2E488F243F50E0AAA /* AgentApprovalFlowTests.swift */,
				65A141C1EDE720FBAB0B6BE1 /* AppearanceRegressionTests.swift */,
				2CA12AC5326AC0D61660DFA8 /* BuildFlavorTests.swift */,
				2021A3E870796F577B2977B9 /* CoderServerDraftTests.swift */,
				4D5FC5927F4134FE3ED24B6E /* CoderServersModelTests.swift */,
				3E697BC1DA79131B6ABEB364 /* ConnectionsModelRefreshTests.swift */,
				3DCE34F57437B73C807EAA1F /* HostTrustFlowTests.swift */,
				07569DAAA0643D6C78D17A7F /* KeyStoreImportTests.swift */,
				47A9CE4CDE7BEF960A702E76 /* SessionSceneModelTests.swift */,
				B6CDD916B160E5DD532DFF9D /* TerminalViewCacheTests.swift */,
			);
			path = BicTermTests;
			sourceTree = "<group>";
		};
		CE3385CA4711B5D3F3964B00 /* Sessions */ = {
			isa = PBXGroup;
			children = (
				CD5B5AD127720ADA9A0A5B37 /* HostTrustPromptView.swift */,
				85F308626C976A8E400809CB /* RestorableSessionsSection.swift */,
				4B5D5D647028B7F7F7DE08EA /* SessionSceneModel.swift */,
				BD0287D2E8B08AEF4C6E1573 /* SessionSceneView.swift */,
				65ADA7DE2D6495711BA03590 /* SessionStore.swift */,
				50638FF5A5A0D978C5D92383 /* SessionSwitcherView.swift */,
				75FF453C00FD5311FA3B84AB /* SessionUITestSupport.swift */,
			);
			path = Sessions;
			sourceTree = "<group>";
		};
		D5CCBDCA161438CF7E36563F /* Keys */ = {
			isa = PBXGroup;
			children = (
				6FF352F1826605B4001C63F6 /* BiometricGate.swift */,
				B56882464F9991334194CC89 /* GenerateKeySheet.swift */,
				90AA7BF199D1D695F3AF45C6 /* ImportKeySheet.swift */,
				B0B92277D88830B5C930AFE9 /* KeychainItemQuery.swift */,
				7A3DF18491E166F316B32504 /* KeyDetailView.swift */,
				24A31C48CAEA2E4FF1ABFA3A /* KeyManagementView.swift */,
				46E2297D5B8AE92971A50B51 /* KeyStore.swift */,
				774076500A1CEBAD4453F492 /* UITestSupport.swift */,
			);
			path = Keys;
			sourceTree = "<group>";
		};
		EE683EA8833F9C31D0ACB853 /* App */ = {
			isa = PBXGroup;
			children = (
				C289650F4565C1664160B8C7 /* BicTermApp.swift */,
				97442711C4879325940AACC4 /* BuildFlavor.swift */,
				5C8A861A10E23A356696C807 /* SessionID.swift */,
			);
			path = App;
			sourceTree = "<group>";
		};
/* End PBXGroup section */

/* Begin PBXNativeTarget section */
		17B4C77B34986DDAE79D17D5 /* BicTerm */ = {
			isa = PBXNativeTarget;
			buildConfigurationList = E0C56B4A34B9E4B5D249E6DB /* Build configuration list for PBXNativeTarget "BicTerm" */;
			buildPhases = (
				AC94DF80CB79C7D55878D76C /* Sources */,
				D963864FCE546540C1F30E8B /* Resources */,
				8FF4D2E3F65C3C62E8D896C8 /* Frameworks */,
			);
			buildRules = (
			);
			dependencies = (
			);
			name = BicTerm;
			packageProductDependencies = (
				5EF7E11A85EA166875A298AB /* BicTermCore */,
				9B51B5292826A7B97AEC1B8B /* SwiftTerm */,
			);
			productName = BicTerm;
			productReference = 8DA7F0E98571945AA93C71E0 /* BicTerm.app */;
			productType = "com.apple.product-type.application";
		};
		51301E61EA749742E05C9A9B /* BicTermTests */ = {
			isa = PBXNativeTarget;
			buildConfigurationList = 0C72AC8BDB9A9EB13EFF1F7B /* Build configuration list for PBXNativeTarget "BicTermTests" */;
			buildPhases = (
				A8BBC57F74C5C203FA57518C /* Sources */,
			);
			buildRules = (
			);
			dependencies = (
				62B28D00028687C52E9A4BED /* PBXTargetDependency */,
			);
			name = BicTermTests;
			packageProductDependencies = (
			);
			productName = BicTermTests;
			productReference = 6CF550C75502C64FB5B71669 /* BicTermTests.xctest */;
			productType = "com.apple.product-type.bundle.unit-test";
		};
		C559090394392811912B038B /* CoderTunnel */ = {
			isa = PBXNativeTarget;
			buildConfigurationList = ADD9FFFA38CDDA028C5C107D /* Build configuration list for PBXNativeTarget "CoderTunnel" */;
			buildPhases = (
				1C6E79D2A71C538BB2CC1EA4 /* Sources */,
				98C86E73F43570E1F2AEE430 /* Frameworks */,
			);
			buildRules = (
			);
			dependencies = (
			);
			name = CoderTunnel;
			packageProductDependencies = (
				10A6439A3567664EED42EF68 /* BicTermCore */,
			);
			productName = CoderTunnel;
			productReference = 8235C520441261DAB3066FB7 /* CoderTunnel.framework */;
			productType = "com.apple.product-type.framework";
		};
		DCF266F8F178EAB8559DE4C0 /* BicTermUITests */ = {
			isa = PBXNativeTarget;
			buildConfigurationList = 2F0ACE512DF2BA2D77E056A0 /* Build configuration list for PBXNativeTarget "BicTermUITests" */;
			buildPhases = (
				DF742F2C1DFF72E03FCDAC39 /* Sources */,
			);
			buildRules = (
			);
			dependencies = (
				C6CD54401875C309FEA1F9D7 /* PBXTargetDependency */,
			);
			name = BicTermUITests;
			packageProductDependencies = (
			);
			productName = BicTermUITests;
			productReference = C574DA19DB7AEC2868E7EB60 /* BicTermUITests.xctest */;
			productType = "com.apple.product-type.bundle.ui-testing";
		};
/* End PBXNativeTarget section */

/* Begin PBXProject section */
		93055CA7830C9DC92661BB4E /* Project object */ = {
			isa = PBXProject;
			attributes = {
				BuildIndependentTargetsInParallel = YES;
				LastUpgradeCheck = 1430;
				TargetAttributes = {
					DCF266F8F178EAB8559DE4C0 = {
						TestTargetID = 17B4C77B34986DDAE79D17D5;
					};
				};
			};
			buildConfigurationList = AEE4764431487797E5BC4924 /* Build configuration list for PBXProject "BicTerm" */;
			developmentRegion = en;
			hasScannedForEncodings = 0;
			knownRegions = (
				Base,
				en,
			);
			mainGroup = AD83FDD29212AE3067E4873B;
			minimizedProjectReferenceProxies = 1;
			packageReferences = (
				DCA4E8BB9D45A8742E13CA4B /* XCLocalSwiftPackageReference "BicTermCore" */,
				E916F8941209E16887F58CFC /* XCLocalSwiftPackageReference "Vendor/SwiftTerm" */,
			);
			preferredProjectObjectVersion = 77;
			productRefGroup = 4CDA2A66738B7D661C10C3A1 /* Products */;
			projectDirPath = "";
			projectRoot = "";
			targets = (
				C559090394392811912B038B /* CoderTunnel */,
				17B4C77B34986DDAE79D17D5 /* BicTerm */,
				DCF266F8F178EAB8559DE4C0 /* BicTermUITests */,
				51301E61EA749742E05C9A9B /* BicTermTests */,
			);
		};
/* End PBXProject section */

/* Begin PBXResourcesBuildPhase section */
		D963864FCE546540C1F30E8B /* Resources */ = {
			isa = PBXResourcesBuildPhase;
			buildActionMask = 2147483647;
			files = (
				91B95DF6B15808EED01E416B /* Assets.xcassets in Resources */,
			);
			runOnlyForDeploymentPostprocessing = 0;
		};
/* End PBXResourcesBuildPhase section */

/* Begin PBXSourcesBuildPhase section */
		1C6E79D2A71C538BB2CC1EA4 /* Sources */ = {
			isa = PBXSourcesBuildPhase;
			buildActionMask = 2147483647;
			files = (
				AD95CCC2EB578AE83D28684A /* CoderNetTunnel.swift in Sources */,
			);
			runOnlyForDeploymentPostprocessing = 0;
		};
		A8BBC57F74C5C203FA57518C /* Sources */ = {
			isa = PBXSourcesBuildPhase;
			buildActionMask = 2147483647;
			files = (
				AE1EF5FE88AF38169C4DD554 /* AgentApprovalFlowTests.swift in Sources */,
				4A45D7D97DCA09FAAF2B2948 /* AppearanceRegressionTests.swift in Sources */,
				BC6DA94E2FF97089695962DA /* BuildFlavorTests.swift in Sources */,
				6B407211A6E7D8DC950253D8 /* CoderServerDraftTests.swift in Sources */,
				F0C1BB372E98C6C60F78E20B /* CoderServersModelTests.swift in Sources */,
				6F7EE096E6DB447C83442D62 /* ConnectionsModelRefreshTests.swift in Sources */,
				5B79C8BEA538915C4262F089 /* HostTrustFlowTests.swift in Sources */,
				F3FE3FBADE8BD18959DBB69E /* KeyStoreImportTests.swift in Sources */,
				2B421D6B4B2B91F3A8CB2AD5 /* SessionSceneModelTests.swift in Sources */,
				BFF410723B947099D87CFC8B /* TerminalViewCacheTests.swift in Sources */,
			);
			runOnlyForDeploymentPostprocessing = 0;
		};
		AC94DF80CB79C7D55878D76C /* Sources */ = {
			isa = PBXSourcesBuildPhase;
			buildActionMask = 2147483647;
			files = (
				E6ABAFEEC96C0E7062B95DC5 /* AgentApprovalPresenter.swift in Sources */,
				2BA02D5A778F36FBF9572667 /* AgentForwardingTransport.swift in Sources */,
				A00B8FAF70580F7FF98A180E /* AppServices.swift in Sources */,
				6E19487335AF8C03FEB7C0F4 /* BicTermApp.swift in Sources */,
				CA86324DF51EB11DCF30E58C /* BiometricGate.swift in Sources */,
				A8730A2D762B88A0E44ACAF7 /* BuildFlavor.swift in Sources */,
				319181503859DF3D1596B9B7 /* CoderReauthenticationNotification.swift in Sources */,
				F282989B83C5EA816A7A10C4 /* CoderServerDraft.swift in Sources */,
				FD920506C8DAB4195B8A2480 /* CoderServerEditorView.swift in Sources */,
				534658093132B1393471C151 /* CoderServersListView.swift in Sources */,
				8DA59D87EB32B3B5A36C5E7D /* CoderServersModel.swift in Sources */,
				D8AED0939BC87B73CC84E2EE /* CoderWorkspaceConnectionModel.swift in Sources */,
				5F835DFB18FF5FD8CF4D8DCB /* ConnectionDraft.swift in Sources */,
				653238EAE77D214255CAE0C9 /* ConnectionEditorView.swift in Sources */,
				58AD691E421B331B15FEC2E0 /* ConnectionListContainer.swift in Sources */,
				3E38F1AC7F803DAF9D0A0C53 /* ConnectionListView.swift in Sources */,
				0C4F845FFB07782E1930CD8F /* ConnectionsModel.swift in Sources */,
				3418FE04EAC92564CDE6192A /* GenerateKeySheet.swift in Sources */,
				B2F30F2A1DE9B2D8645E2820 /* HopEditorView.swift in Sources */,
				BDBD121E184B6AC6E8A9D90F /* HostTrustPromptView.swift in Sources */,
				2D213F0D362476B37E37DA79 /* ImportKeySheet.swift in Sources */,
				86D1F06915B8AAA328FD0E14 /* KeyDetailView.swift in Sources */,
				BE19021C29A670955AF30EF7 /* KeyManagementView.swift in Sources */,
				FBBAA8B1E534537D742913FB /* KeyPickerView.swift in Sources */,
				1E8239A9D442975E278BC580 /* KeyStore.swift in Sources */,
				003E1F03B3E5BE4118E3A622 /* KeychainItemQuery.swift in Sources */,
				2094918AB8EEE268CADABBFF /* RestorableSessionsSection.swift in Sources */,
				E10EE573D6ED3C15B44076A5 /* SessionID.swift in Sources */,
				A1788EAE8111744A9154F9B6 /* SessionSceneModel.swift in Sources */,
				3C0B380AA9EC43A933FE5022 /* SessionSceneView.swift in Sources */,
				FFBA5AE2680015B8952DBED8 /* SessionStore.swift in Sources */,
				32E8468A95A29587C39FE784 /* SessionSwitcherView.swift in Sources */,
				E1166441A7CE6F85ABDFF801 /* SessionUITestSupport.swift in Sources */,
				7665AF7E42BB6AFCA3E9D776 /* SettingsView.swift in Sources */,
				D9FD5EA5305062DEDFA56CBB /* TerminalPlaceholderView.swift in Sources */,
				A3BB00E1FDAFD1A91AC34477 /* TerminalPreviewController.swift in Sources */,
				9AD44AAA5F80A46C30D1EB6F /* TerminalPreviewFixtureSupport.swift in Sources */,
				284B69C2FF8771B0240D09BC /* TerminalPreviewScreen.swift in Sources */,
				73B74A79B5E082A858A1A057 /* TerminalRepresentable.swift in Sources */,
				C7892BFCEC4610D03B6487D4 /* TerminalViewCache.swift in Sources */,
				7ECD826B6F8E7E803919B456 /* TestHardwareKeyInjector.swift in Sources */,
				5F7BA31B518717F3F7C7D021 /* TestKeyInterposerController.swift in Sources */,
				BB0CFD458302CF0425E761CF /* Tokens.swift in Sources */,
				244AA1996D13F23B2AD54ED6 /* UITestSupport.swift in Sources */,
			);
			runOnlyForDeploymentPostprocessing = 0;
		};
		DF742F2C1DFF72E03FCDAC39 /* Sources */ = {
			isa = PBXSourcesBuildPhase;
			buildActionMask = 2147483647;
			files = (
				29B39DB27868EFEB15E191B3 /* AppShellUITests.swift in Sources */,
				7F50B99237717A199E363CB4 /* CoderServersUITests.swift in Sources */,
				6FD5358551A0E19F97ED1530 /* ConnectionEditorUITests.swift in Sources */,
				711559511BB17499758F1114 /* KeyManagementUITests.swift in Sources */,
				E3A1CDB95A052B46F21493C5 /* PasswordAuthUITests.swift in Sources */,
				5672839E124E656D01A53B13 /* SessionScenesUITests.swift in Sources */,
				F21EDD308CA574A7D6833409 /* SessionSwitcherUITests.swift in Sources */,
				134C9CEEF577B85E1E8AE6C9 /* TerminalUITests.swift in Sources */,
			);
			runOnlyForDeploymentPostprocessing = 0;
		};
/* End PBXSourcesBuildPhase section */

/* Begin PBXTargetDependency section */
		62B28D00028687C52E9A4BED /* PBXTargetDependency */ = {
			isa = PBXTargetDependency;
			target = 17B4C77B34986DDAE79D17D5 /* BicTerm */;
			targetProxy = 24AD007915B81A0813864359 /* PBXContainerItemProxy */;
		};
		C6CD54401875C309FEA1F9D7 /* PBXTargetDependency */ = {
			isa = PBXTargetDependency;
			target = 17B4C77B34986DDAE79D17D5 /* BicTerm */;
			targetProxy = 45ED9703D7206650BF598444 /* PBXContainerItemProxy */;
		};
/* End PBXTargetDependency section */

/* Begin XCBuildConfiguration section */
		1C002763E5127AE48930F488 /* Debug */ = {
			isa = XCBuildConfiguration;
			buildSettings = {
				ALWAYS_SEARCH_USER_PATHS = NO;
				CLANG_ANALYZER_NONNULL = YES;
				CLANG_ANALYZER_NUMBER_OBJECT_CONVERSION = YES_AGGRESSIVE;
				CLANG_CXX_LANGUAGE_STANDARD = "gnu++14";
				CLANG_CXX_LIBRARY = "libc++";
				CLANG_ENABLE_MODULES = YES;
				CLANG_ENABLE_OBJC_ARC = YES;
				CLANG_ENABLE_OBJC_WEAK = YES;
				CLANG_WARN_BLOCK_CAPTURE_AUTORELEASING = YES;
				CLANG_WARN_BOOL_CONVERSION = YES;
				CLANG_WARN_COMMA = YES;
				CLANG_WARN_CONSTANT_CONVERSION = YES;
				CLANG_WARN_DEPRECATED_OBJC_IMPLEMENTATIONS = YES;
				CLANG_WARN_DIRECT_OBJC_ISA_USAGE = YES_ERROR;
				CLANG_WARN_DOCUMENTATION_COMMENTS = YES;
				CLANG_WARN_EMPTY_BODY = YES;
				CLANG_WARN_ENUM_CONVERSION = YES;
				CLANG_WARN_INFINITE_RECURSION = YES;
				CLANG_WARN_INT_CONVERSION = YES;
				CLANG_WARN_NON_LITERAL_NULL_CONVERSION = YES;
				CLANG_WARN_OBJC_IMPLICIT_RETAIN_SELF = YES;
				CLANG_WARN_OBJC_LITERAL_CONVERSION = YES;
				CLANG_WARN_OBJC_ROOT_CLASS = YES_ERROR;
				CLANG_WARN_QUOTED_INCLUDE_IN_FRAMEWORK_HEADER = YES;
				CLANG_WARN_RANGE_LOOP_ANALYSIS = YES;
				CLANG_WARN_STRICT_PROTOTYPES = YES;
				CLANG_WARN_SUSPICIOUS_MOVE = YES;
				CLANG_WARN_UNGUARDED_AVAILABILITY = YES_AGGRESSIVE;
				CLANG_WARN_UNREACHABLE_CODE = YES;
				CLANG_WARN__DUPLICATE_METHOD_MATCH = YES;
				COPY_PHASE_STRIP = NO;
				DEBUG_INFORMATION_FORMAT = dwarf;
				ENABLE_STRICT_OBJC_MSGSEND = YES;
				ENABLE_TESTABILITY = YES;
				GCC_C_LANGUAGE_STANDARD = gnu11;
				GCC_DYNAMIC_NO_PIC = NO;
				GCC_NO_COMMON_BLOCKS = YES;
				GCC_OPTIMIZATION_LEVEL = 0;
				GCC_PREPROCESSOR_DEFINITIONS = (
					"$(inherited)",
					"DEBUG=1",
				);
				GCC_WARN_64_TO_32_BIT_CONVERSION = YES;
				GCC_WARN_ABOUT_RETURN_TYPE = YES_ERROR;
				GCC_WARN_UNDECLARED_SELECTOR = YES;
				GCC_WARN_UNINITIALIZED_AUTOS = YES_AGGRESSIVE;
				GCC_WARN_UNUSED_FUNCTION = YES;
				GCC_WARN_UNUSED_VARIABLE = YES;
				MTL_ENABLE_DEBUG_INFO = INCLUDE_SOURCE;
				MTL_FAST_MATH = YES;
				ONLY_ACTIVE_ARCH = YES;
				PRODUCT_NAME = "$(TARGET_NAME)";
				SDKROOT = iphoneos;
				SWIFT_ACTIVE_COMPILATION_CONDITIONS = DEBUG;
				SWIFT_OPTIMIZATION_LEVEL = "-Onone";
				SWIFT_VERSION = 5.0;
			};
			name = Debug;
		};
		322219420B083DFFF9E5CCDE /* AppStore-Release */ = {
			isa = XCBuildConfiguration;
			buildSettings = {
				ASSETCATALOG_COMPILER_APPICON_NAME = AppIcon;
				CODE_SIGN_IDENTITY = "iPhone Developer";
				CURRENT_PROJECT_VERSION = 1;
				GENERATE_INFOPLIST_FILE = YES;
				INFOPLIST_KEY_UIApplicationSceneManifest_Generation = YES;
				INFOPLIST_KEY_UIApplicationSupportsMultipleScenes = YES;
				INFOPLIST_KEY_UILaunchScreen_BackgroundColor = 0x0D1117;
				INFOPLIST_KEY_UILaunchScreen_Generation = YES;
				IPHONEOS_DEPLOYMENT_TARGET = 18.0;
				LD_RUNPATH_SEARCH_PATHS = (
					"$(inherited)",
					"@executable_path/Frameworks",
				);
				MARKETING_VERSION = 0.1.0;
				PRODUCT_BUNDLE_IDENTIFIER = com.bicterm.app;
				SDKROOT = iphoneos;
				SWIFT_VERSION = 6.0;
				TARGETED_DEVICE_FAMILY = "1,2";
			};
			name = "AppStore-Release";
		};
		5382B5BCE53B9472763F85A5 /* Debug */ = {
			isa = XCBuildConfiguration;
			buildSettings = {
				CODE_SIGN_IDENTITY = "";
				CURRENT_PROJECT_VERSION = 1;
				DEFINES_MODULE = YES;
				DYLIB_COMPATIBILITY_VERSION = 1;
				DYLIB_CURRENT_VERSION = 1;
				DYLIB_INSTALL_NAME_BASE = "@rpath";
				FRAMEWORK_SEARCH_PATHS = (
					"$(inherited)",
					"\".build-artifacts/coder-net\"",
				);
				GENERATE_INFOPLIST_FILE = YES;
				INSTALL_PATH = "$(LOCAL_LIBRARY_DIR)/Frameworks";
				IPHONEOS_DEPLOYMENT_TARGET = 18.0;
				LD_RUNPATH_SEARCH_PATHS = (
					"$(inherited)",
					"@executable_path/Frameworks",
				);
				MACH_O_TYPE = staticlib;
				MARKETING_VERSION = 0.1.0;
				PRODUCT_BUNDLE_IDENTIFIER = com.bicterm.CoderTunnel;
				PRODUCT_MODULE_NAME = CoderTunnel;
				SDKROOT = iphoneos;
				SKIP_INSTALL = YES;
				SWIFT_VERSION = 6.0;
				TARGETED_DEVICE_FAMILY = "1,2";
				VERSIONING_SYSTEM = "apple-generic";
			};
			name = Debug;
		};
		568CCAB655B3277C5EC7547E /* Debug */ = {
			isa = XCBuildConfiguration;
			buildSettings = {
				ASSETCATALOG_COMPILER_APPICON_NAME = AppIcon;
				CODE_SIGN_IDENTITY = "iPhone Developer";
				CURRENT_PROJECT_VERSION = 1;
				FRAMEWORK_SEARCH_PATHS = "$(inherited) $(BUILT_PRODUCTS_DIR)";
				GENERATE_INFOPLIST_FILE = YES;
				INFOPLIST_KEY_UIApplicationSceneManifest_Generation = YES;
				INFOPLIST_KEY_UIApplicationSupportsMultipleScenes = YES;
				INFOPLIST_KEY_UILaunchScreen_BackgroundColor = 0x0D1117;
				INFOPLIST_KEY_UILaunchScreen_Generation = YES;
				IPHONEOS_DEPLOYMENT_TARGET = 18.0;
				LD_RUNPATH_SEARCH_PATHS = (
					"$(inherited)",
					"@executable_path/Frameworks",
				);
				MARKETING_VERSION = 0.1.0;
				OTHER_LDFLAGS = "$(inherited) -framework CoderTunnel -lresolv";
				PRODUCT_BUNDLE_IDENTIFIER = com.bicterm.app;
				SDKROOT = iphoneos;
				SWIFT_ACTIVE_COMPILATION_CONDITIONS = "$(inherited) CODER_TUNNEL";
				SWIFT_VERSION = 6.0;
				TARGETED_DEVICE_FAMILY = "1,2";
			};
			name = Debug;
		};
		6DB16346E9B72DADB3E3D23A /* AppStore-Release */ = {
			isa = XCBuildConfiguration;
			buildSettings = {
				ALWAYS_SEARCH_USER_PATHS = NO;
				CLANG_ANALYZER_NONNULL = YES;
				CLANG_ANALYZER_NUMBER_OBJECT_CONVERSION = YES_AGGRESSIVE;
				CLANG_CXX_LANGUAGE_STANDARD = "gnu++14";
				CLANG_CXX_LIBRARY = "libc++";
				CLANG_ENABLE_MODULES = YES;
				CLANG_ENABLE_OBJC_ARC = YES;
				CLANG_ENABLE_OBJC_WEAK = YES;
				CLANG_WARN_BLOCK_CAPTURE_AUTORELEASING = YES;
				CLANG_WARN_BOOL_CONVERSION = YES;
				CLANG_WARN_COMMA = YES;
				CLANG_WARN_CONSTANT_CONVERSION = YES;
				CLANG_WARN_DEPRECATED_OBJC_IMPLEMENTATIONS = YES;
				CLANG_WARN_DIRECT_OBJC_ISA_USAGE = YES_ERROR;
				CLANG_WARN_DOCUMENTATION_COMMENTS = YES;
				CLANG_WARN_EMPTY_BODY = YES;
				CLANG_WARN_ENUM_CONVERSION = YES;
				CLANG_WARN_INFINITE_RECURSION = YES;
				CLANG_WARN_INT_CONVERSION = YES;
				CLANG_WARN_NON_LITERAL_NULL_CONVERSION = YES;
				CLANG_WARN_OBJC_IMPLICIT_RETAIN_SELF = YES;
				CLANG_WARN_OBJC_LITERAL_CONVERSION = YES;
				CLANG_WARN_OBJC_ROOT_CLASS = YES_ERROR;
				CLANG_WARN_QUOTED_INCLUDE_IN_FRAMEWORK_HEADER = YES;
				CLANG_WARN_RANGE_LOOP_ANALYSIS = YES;
				CLANG_WARN_STRICT_PROTOTYPES = YES;
				CLANG_WARN_SUSPICIOUS_MOVE = YES;
				CLANG_WARN_UNGUARDED_AVAILABILITY = YES_AGGRESSIVE;
				CLANG_WARN_UNREACHABLE_CODE = YES;
				CLANG_WARN__DUPLICATE_METHOD_MATCH = YES;
				COPY_PHASE_STRIP = NO;
				DEBUG_INFORMATION_FORMAT = "dwarf-with-dsym";
				ENABLE_NS_ASSERTIONS = NO;
				ENABLE_STRICT_OBJC_MSGSEND = YES;
				GCC_C_LANGUAGE_STANDARD = gnu11;
				GCC_NO_COMMON_BLOCKS = YES;
				GCC_WARN_64_TO_32_BIT_CONVERSION = YES;
				GCC_WARN_ABOUT_RETURN_TYPE = YES_ERROR;
				GCC_WARN_UNDECLARED_SELECTOR = YES;
				GCC_WARN_UNINITIALIZED_AUTOS = YES_AGGRESSIVE;
				GCC_WARN_UNUSED_FUNCTION = YES;
				GCC_WARN_UNUSED_VARIABLE = YES;
				MTL_ENABLE_DEBUG_INFO = NO;
				MTL_FAST_MATH = YES;
				PRODUCT_NAME = "$(TARGET_NAME)";
				SDKROOT = iphoneos;
				SWIFT_COMPILATION_MODE = wholemodule;
				SWIFT_OPTIMIZATION_LEVEL = "-O";
				SWIFT_VERSION = 5.0;
			};
			name = "AppStore-Release";
		};
		6EEAE32EDE5089C3B8CCAC98 /* Release */ = {
			isa = XCBuildConfiguration;
			buildSettings = {
				BUNDLE_LOADER = "$(TEST_HOST)";
				GENERATE_INFOPLIST_FILE = YES;
				IPHONEOS_DEPLOYMENT_TARGET = 18.0;
				LD_RUNPATH_SEARCH_PATHS = (
					"$(inherited)",
					"@executable_path/Frameworks",
					"@loader_path/Frameworks",
				);
				PRODUCT_BUNDLE_IDENTIFIER = com.bicterm.BicTermTests;
				SDKROOT = iphoneos;
				SWIFT_ACTIVE_COMPILATION_CONDITIONS = "$(inherited) CODER_TUNNEL";
				SWIFT_VERSION = 6.0;
				TARGETED_DEVICE_FAMILY = "1,2";
				TEST_HOST = "$(BUILT_PRODUCTS_DIR)/BicTerm.app/BicTerm";
			};
			name = Release;
		};
		7211B17AA7BABB87956189D7 /* Release */ = {
			isa = XCBuildConfiguration;
			buildSettings = {
				CODE_SIGN_IDENTITY = "";
				CURRENT_PROJECT_VERSION = 1;
				DEFINES_MODULE = YES;
				DYLIB_COMPATIBILITY_VERSION = 1;
				DYLIB_CURRENT_VERSION = 1;
				DYLIB_INSTALL_NAME_BASE = "@rpath";
				FRAMEWORK_SEARCH_PATHS = (
					"$(inherited)",
					"\".build-artifacts/coder-net\"",
				);
				GENERATE_INFOPLIST_FILE = YES;
				INSTALL_PATH = "$(LOCAL_LIBRARY_DIR)/Frameworks";
				IPHONEOS_DEPLOYMENT_TARGET = 18.0;
				LD_RUNPATH_SEARCH_PATHS = (
					"$(inherited)",
					"@executable_path/Frameworks",
				);
				MACH_O_TYPE = staticlib;
				MARKETING_VERSION = 0.1.0;
				PRODUCT_BUNDLE_IDENTIFIER = com.bicterm.CoderTunnel;
				PRODUCT_MODULE_NAME = CoderTunnel;
				SDKROOT = iphoneos;
				SKIP_INSTALL = YES;
				SWIFT_VERSION = 6.0;
				TARGETED_DEVICE_FAMILY = "1,2";
				VERSIONING_SYSTEM = "apple-generic";
			};
			name = Release;
		};
		78B0DEECA9778787892578BC /* Debug */ = {
			isa = XCBuildConfiguration;
			buildSettings = {
				BUNDLE_LOADER = "$(TEST_HOST)";
				GENERATE_INFOPLIST_FILE = YES;
				IPHONEOS_DEPLOYMENT_TARGET = 18.0;
				LD_RUNPATH_SEARCH_PATHS = (
					"$(inherited)",
					"@executable_path/Frameworks",
					"@loader_path/Frameworks",
				);
				PRODUCT_BUNDLE_IDENTIFIER = com.bicterm.BicTermUITests;
				SDKROOT = iphoneos;
				SWIFT_ACTIVE_COMPILATION_CONDITIONS = "$(inherited) CODER_TUNNEL";
				SWIFT_VERSION = 6.0;
				TARGETED_DEVICE_FAMILY = "1,2";
				TEST_TARGET_NAME = BicTerm;
			};
			name = Debug;
		};
		799D6EAC2E6ED891D5AF36FB /* AppStore-Debug */ = {
			isa = XCBuildConfiguration;
			buildSettings = {
				BUNDLE_LOADER = "$(TEST_HOST)";
				GENERATE_INFOPLIST_FILE = YES;
				IPHONEOS_DEPLOYMENT_TARGET = 18.0;
				LD_RUNPATH_SEARCH_PATHS = (
					"$(inherited)",
					"@executable_path/Frameworks",
					"@loader_path/Frameworks",
				);
				PRODUCT_BUNDLE_IDENTIFIER = com.bicterm.BicTermUITests;
				SDKROOT = iphoneos;
				SWIFT_VERSION = 6.0;
				TARGETED_DEVICE_FAMILY = "1,2";
				TEST_TARGET_NAME = BicTerm;
			};
			name = "AppStore-Debug";
		};
		7F35403058ABD4E65D2154D1 /* Release */ = {
			isa = XCBuildConfiguration;
			buildSettings = {
				ASSETCATALOG_COMPILER_APPICON_NAME = AppIcon;
				CODE_SIGN_IDENTITY = "iPhone Developer";
				CURRENT_PROJECT_VERSION = 1;
				FRAMEWORK_SEARCH_PATHS = "$(inherited) $(BUILT_PRODUCTS_DIR)";
				GENERATE_INFOPLIST_FILE = YES;
				INFOPLIST_KEY_UIApplicationSceneManifest_Generation = YES;
				INFOPLIST_KEY_UIApplicationSupportsMultipleScenes = YES;
				INFOPLIST_KEY_UILaunchScreen_BackgroundColor = 0x0D1117;
				INFOPLIST_KEY_UILaunchScreen_Generation = YES;
				IPHONEOS_DEPLOYMENT_TARGET = 18.0;
				LD_RUNPATH_SEARCH_PATHS = (
					"$(inherited)",
					"@executable_path/Frameworks",
				);
				MARKETING_VERSION = 0.1.0;
				OTHER_LDFLAGS = "$(inherited) -framework CoderTunnel -lresolv";
				PRODUCT_BUNDLE_IDENTIFIER = com.bicterm.app;
				SDKROOT = iphoneos;
				SWIFT_ACTIVE_COMPILATION_CONDITIONS = "$(inherited) CODER_TUNNEL";
				SWIFT_VERSION = 6.0;
				TARGETED_DEVICE_FAMILY = "1,2";
			};
			name = Release;
		};
		8C9AB1AC4319C9A6511D099E /* AppStore-Release */ = {
			isa = XCBuildConfiguration;
			buildSettings = {
				CODE_SIGN_IDENTITY = "";
				CURRENT_PROJECT_VERSION = 1;
				DEFINES_MODULE = YES;
				DYLIB_COMPATIBILITY_VERSION = 1;
				DYLIB_CURRENT_VERSION = 1;
				DYLIB_INSTALL_NAME_BASE = "@rpath";
				FRAMEWORK_SEARCH_PATHS = (
					"$(inherited)",
					"\".build-artifacts/coder-net\"",
				);
				GENERATE_INFOPLIST_FILE = YES;
				INSTALL_PATH = "$(LOCAL_LIBRARY_DIR)/Frameworks";
				IPHONEOS_DEPLOYMENT_TARGET = 18.0;
				LD_RUNPATH_SEARCH_PATHS = (
					"$(inherited)",
					"@executable_path/Frameworks",
				);
				MACH_O_TYPE = staticlib;
				MARKETING_VERSION = 0.1.0;
				PRODUCT_BUNDLE_IDENTIFIER = com.bicterm.CoderTunnel;
				PRODUCT_MODULE_NAME = CoderTunnel;
				SDKROOT = iphoneos;
				SKIP_INSTALL = YES;
				SWIFT_VERSION = 6.0;
				TARGETED_DEVICE_FAMILY = "1,2";
				VERSIONING_SYSTEM = "apple-generic";
			};
			name = "AppStore-Release";
		};
		933DA422F0EB7CB3D8A26B8B /* AppStore-Debug */ = {
			isa = XCBuildConfiguration;
			buildSettings = {
				BUNDLE_LOADER = "$(TEST_HOST)";
				GENERATE_INFOPLIST_FILE = YES;
				IPHONEOS_DEPLOYMENT_TARGET = 18.0;
				LD_RUNPATH_SEARCH_PATHS = (
					"$(inherited)",
					"@executable_path/Frameworks",
					"@loader_path/Frameworks",
				);
				PRODUCT_BUNDLE_IDENTIFIER = com.bicterm.BicTermTests;
				SDKROOT = iphoneos;
				SWIFT_VERSION = 6.0;
				TARGETED_DEVICE_FAMILY = "1,2";
				TEST_HOST = "$(BUILT_PRODUCTS_DIR)/BicTerm.app/BicTerm";
			};
			name = "AppStore-Debug";
		};
		A4EA27A98690062F3408B6AF /* Release */ = {
			isa = XCBuildConfiguration;
			buildSettings = {
				BUNDLE_LOADER = "$(TEST_HOST)";
				GENERATE_INFOPLIST_FILE = YES;
				IPHONEOS_DEPLOYMENT_TARGET = 18.0;
				LD_RUNPATH_SEARCH_PATHS = (
					"$(inherited)",
					"@executable_path/Frameworks",
					"@loader_path/Frameworks",
				);
				PRODUCT_BUNDLE_IDENTIFIER = com.bicterm.BicTermUITests;
				SDKROOT = iphoneos;
				SWIFT_ACTIVE_COMPILATION_CONDITIONS = "$(inherited) CODER_TUNNEL";
				SWIFT_VERSION = 6.0;
				TARGETED_DEVICE_FAMILY = "1,2";
				TEST_TARGET_NAME = BicTerm;
			};
			name = Release;
		};
		AD98F12806241E75182E4A41 /* AppStore-Debug */ = {
			isa = XCBuildConfiguration;
			buildSettings = {
				ASSETCATALOG_COMPILER_APPICON_NAME = AppIcon;
				CODE_SIGN_IDENTITY = "iPhone Developer";
				CURRENT_PROJECT_VERSION = 1;
				GENERATE_INFOPLIST_FILE = YES;
				INFOPLIST_KEY_UIApplicationSceneManifest_Generation = YES;
				INFOPLIST_KEY_UIApplicationSupportsMultipleScenes = YES;
				INFOPLIST_KEY_UILaunchScreen_BackgroundColor = 0x0D1117;
				INFOPLIST_KEY_UILaunchScreen_Generation = YES;
				IPHONEOS_DEPLOYMENT_TARGET = 18.0;
				LD_RUNPATH_SEARCH_PATHS = (
					"$(inherited)",
					"@executable_path/Frameworks",
				);
				MARKETING_VERSION = 0.1.0;
				PRODUCT_BUNDLE_IDENTIFIER = com.bicterm.app;
				SDKROOT = iphoneos;
				SWIFT_VERSION = 6.0;
				TARGETED_DEVICE_FAMILY = "1,2";
			};
			name = "AppStore-Debug";
		};
		BC4ECFB9A8C892D7879D7F89 /* Release */ = {
			isa = XCBuildConfiguration;
			buildSettings = {
				ALWAYS_SEARCH_USER_PATHS = NO;
				CLANG_ANALYZER_NONNULL = YES;
				CLANG_ANALYZER_NUMBER_OBJECT_CONVERSION = YES_AGGRESSIVE;
				CLANG_CXX_LANGUAGE_STANDARD = "gnu++14";
				CLANG_CXX_LIBRARY = "libc++";
				CLANG_ENABLE_MODULES = YES;
				CLANG_ENABLE_OBJC_ARC = YES;
				CLANG_ENABLE_OBJC_WEAK = YES;
				CLANG_WARN_BLOCK_CAPTURE_AUTORELEASING = YES;
				CLANG_WARN_BOOL_CONVERSION = YES;
				CLANG_WARN_COMMA = YES;
				CLANG_WARN_CONSTANT_CONVERSION = YES;
				CLANG_WARN_DEPRECATED_OBJC_IMPLEMENTATIONS = YES;
				CLANG_WARN_DIRECT_OBJC_ISA_USAGE = YES_ERROR;
				CLANG_WARN_DOCUMENTATION_COMMENTS = YES;
				CLANG_WARN_EMPTY_BODY = YES;
				CLANG_WARN_ENUM_CONVERSION = YES;
				CLANG_WARN_INFINITE_RECURSION = YES;
				CLANG_WARN_INT_CONVERSION = YES;
				CLANG_WARN_NON_LITERAL_NULL_CONVERSION = YES;
				CLANG_WARN_OBJC_IMPLICIT_RETAIN_SELF = YES;
				CLANG_WARN_OBJC_LITERAL_CONVERSION = YES;
				CLANG_WARN_OBJC_ROOT_CLASS = YES_ERROR;
				CLANG_WARN_QUOTED_INCLUDE_IN_FRAMEWORK_HEADER = YES;
				CLANG_WARN_RANGE_LOOP_ANALYSIS = YES;
				CLANG_WARN_STRICT_PROTOTYPES = YES;
				CLANG_WARN_SUSPICIOUS_MOVE = YES;
				CLANG_WARN_UNGUARDED_AVAILABILITY = YES_AGGRESSIVE;
				CLANG_WARN_UNREACHABLE_CODE = YES;
				CLANG_WARN__DUPLICATE_METHOD_MATCH = YES;
				COPY_PHASE_STRIP = NO;
				DEBUG_INFORMATION_FORMAT = "dwarf-with-dsym";
				ENABLE_NS_ASSERTIONS = NO;
				ENABLE_STRICT_OBJC_MSGSEND = YES;
				GCC_C_LANGUAGE_STANDARD = gnu11;
				GCC_NO_COMMON_BLOCKS = YES;
				GCC_WARN_64_TO_32_BIT_CONVERSION = YES;
				GCC_WARN_ABOUT_RETURN_TYPE = YES_ERROR;
				GCC_WARN_UNDECLARED_SELECTOR = YES;
				GCC_WARN_UNINITIALIZED_AUTOS = YES_AGGRESSIVE;
				GCC_WARN_UNUSED_FUNCTION = YES;
				GCC_WARN_UNUSED_VARIABLE = YES;
				MTL_ENABLE_DEBUG_INFO = NO;
				MTL_FAST_MATH = YES;
				PRODUCT_NAME = "$(TARGET_NAME)";
				SDKROOT = iphoneos;
				SWIFT_COMPILATION_MODE = wholemodule;
				SWIFT_OPTIMIZATION_LEVEL = "-O";
				SWIFT_VERSION = 5.0;
			};
			name = Release;
		};
		BFC3B5EA1CAB488836E24957 /* AppStore-Release */ = {
			isa = XCBuildConfiguration;
			buildSettings = {
				BUNDLE_LOADER = "$(TEST_HOST)";
				GENERATE_INFOPLIST_FILE = YES;
				IPHONEOS_DEPLOYMENT_TARGET = 18.0;
				LD_RUNPATH_SEARCH_PATHS = (
					"$(inherited)",
					"@executable_path/Frameworks",
					"@loader_path/Frameworks",
				);
				PRODUCT_BUNDLE_IDENTIFIER = com.bicterm.BicTermTests;
				SDKROOT = iphoneos;
				SWIFT_VERSION = 6.0;
				TARGETED_DEVICE_FAMILY = "1,2";
				TEST_HOST = "$(BUILT_PRODUCTS_DIR)/BicTerm.app/BicTerm";
			};
			name = "AppStore-Release";
		};
		C04CF983080F2312684514C4 /* AppStore-Release */ = {
			isa = XCBuildConfiguration;
			buildSettings = {
				BUNDLE_LOADER = "$(TEST_HOST)";
				GENERATE_INFOPLIST_FILE = YES;
				IPHONEOS_DEPLOYMENT_TARGET = 18.0;
				LD_RUNPATH_SEARCH_PATHS = (
					"$(inherited)",
					"@executable_path/Frameworks",
					"@loader_path/Frameworks",
				);
				PRODUCT_BUNDLE_IDENTIFIER = com.bicterm.BicTermUITests;
				SDKROOT = iphoneos;
				SWIFT_VERSION = 6.0;
				TARGETED_DEVICE_FAMILY = "1,2";
				TEST_TARGET_NAME = BicTerm;
			};
			name = "AppStore-Release";
		};
		C340BC94889C6F899FBE4A44 /* AppStore-Debug */ = {
			isa = XCBuildConfiguration;
			buildSettings = {
				CODE_SIGN_IDENTITY = "";
				CURRENT_PROJECT_VERSION = 1;
				DEFINES_MODULE = YES;
				DYLIB_COMPATIBILITY_VERSION = 1;
				DYLIB_CURRENT_VERSION = 1;
				DYLIB_INSTALL_NAME_BASE = "@rpath";
				FRAMEWORK_SEARCH_PATHS = (
					"$(inherited)",
					"\".build-artifacts/coder-net\"",
				);
				GENERATE_INFOPLIST_FILE = YES;
				INSTALL_PATH = "$(LOCAL_LIBRARY_DIR)/Frameworks";
				IPHONEOS_DEPLOYMENT_TARGET = 18.0;
				LD_RUNPATH_SEARCH_PATHS = (
					"$(inherited)",
					"@executable_path/Frameworks",
				);
				MACH_O_TYPE = staticlib;
				MARKETING_VERSION = 0.1.0;
				PRODUCT_BUNDLE_IDENTIFIER = com.bicterm.CoderTunnel;
				PRODUCT_MODULE_NAME = CoderTunnel;
				SDKROOT = iphoneos;
				SKIP_INSTALL = YES;
				SWIFT_VERSION = 6.0;
				TARGETED_DEVICE_FAMILY = "1,2";
				VERSIONING_SYSTEM = "apple-generic";
			};
			name = "AppStore-Debug";
		};
		D1A25E3343FB4C2D1D1167AA /* Debug */ = {
			isa = XCBuildConfiguration;
			buildSettings = {
				BUNDLE_LOADER = "$(TEST_HOST)";
				GENERATE_INFOPLIST_FILE = YES;
				IPHONEOS_DEPLOYMENT_TARGET = 18.0;
				LD_RUNPATH_SEARCH_PATHS = (
					"$(inherited)",
					"@executable_path/Frameworks",
					"@loader_path/Frameworks",
				);
				PRODUCT_BUNDLE_IDENTIFIER = com.bicterm.BicTermTests;
				SDKROOT = iphoneos;
				SWIFT_ACTIVE_COMPILATION_CONDITIONS = "$(inherited) CODER_TUNNEL";
				SWIFT_VERSION = 6.0;
				TARGETED_DEVICE_FAMILY = "1,2";
				TEST_HOST = "$(BUILT_PRODUCTS_DIR)/BicTerm.app/BicTerm";
			};
			name = Debug;
		};
		F2292253691B664296631802 /* AppStore-Debug */ = {
			isa = XCBuildConfiguration;
			buildSettings = {
				ALWAYS_SEARCH_USER_PATHS = NO;
				CLANG_ANALYZER_NONNULL = YES;
				CLANG_ANALYZER_NUMBER_OBJECT_CONVERSION = YES_AGGRESSIVE;
				CLANG_CXX_LANGUAGE_STANDARD = "gnu++14";
				CLANG_CXX_LIBRARY = "libc++";
				CLANG_ENABLE_MODULES = YES;
				CLANG_ENABLE_OBJC_ARC = YES;
				CLANG_ENABLE_OBJC_WEAK = YES;
				CLANG_WARN_BLOCK_CAPTURE_AUTORELEASING = YES;
				CLANG_WARN_BOOL_CONVERSION = YES;
				CLANG_WARN_COMMA = YES;
				CLANG_WARN_CONSTANT_CONVERSION = YES;
				CLANG_WARN_DEPRECATED_OBJC_IMPLEMENTATIONS = YES;
				CLANG_WARN_DIRECT_OBJC_ISA_USAGE = YES_ERROR;
				CLANG_WARN_DOCUMENTATION_COMMENTS = YES;
				CLANG_WARN_EMPTY_BODY = YES;
				CLANG_WARN_ENUM_CONVERSION = YES;
				CLANG_WARN_INFINITE_RECURSION = YES;
				CLANG_WARN_INT_CONVERSION = YES;
				CLANG_WARN_NON_LITERAL_NULL_CONVERSION = YES;
				CLANG_WARN_OBJC_IMPLICIT_RETAIN_SELF = YES;
				CLANG_WARN_OBJC_LITERAL_CONVERSION = YES;
				CLANG_WARN_OBJC_ROOT_CLASS = YES_ERROR;
				CLANG_WARN_QUOTED_INCLUDE_IN_FRAMEWORK_HEADER = YES;
				CLANG_WARN_RANGE_LOOP_ANALYSIS = YES;
				CLANG_WARN_STRICT_PROTOTYPES = YES;
				CLANG_WARN_SUSPICIOUS_MOVE = YES;
				CLANG_WARN_UNGUARDED_AVAILABILITY = YES_AGGRESSIVE;
				CLANG_WARN_UNREACHABLE_CODE = YES;
				CLANG_WARN__DUPLICATE_METHOD_MATCH = YES;
				COPY_PHASE_STRIP = NO;
				DEBUG_INFORMATION_FORMAT = dwarf;
				ENABLE_STRICT_OBJC_MSGSEND = YES;
				ENABLE_TESTABILITY = YES;
				GCC_C_LANGUAGE_STANDARD = gnu11;
				GCC_DYNAMIC_NO_PIC = NO;
				GCC_NO_COMMON_BLOCKS = YES;
				GCC_OPTIMIZATION_LEVEL = 0;
				GCC_PREPROCESSOR_DEFINITIONS = (
					"$(inherited)",
					"DEBUG=1",
				);
				GCC_WARN_64_TO_32_BIT_CONVERSION = YES;
				GCC_WARN_ABOUT_RETURN_TYPE = YES_ERROR;
				GCC_WARN_UNDECLARED_SELECTOR = YES;
				GCC_WARN_UNINITIALIZED_AUTOS = YES_AGGRESSIVE;
				GCC_WARN_UNUSED_FUNCTION = YES;
				GCC_WARN_UNUSED_VARIABLE = YES;
				MTL_ENABLE_DEBUG_INFO = INCLUDE_SOURCE;
				MTL_FAST_MATH = YES;
				ONLY_ACTIVE_ARCH = YES;
				PRODUCT_NAME = "$(TARGET_NAME)";
				SDKROOT = iphoneos;
				SWIFT_ACTIVE_COMPILATION_CONDITIONS = DEBUG;
				SWIFT_OPTIMIZATION_LEVEL = "-Onone";
				SWIFT_VERSION = 5.0;
			};
			name = "AppStore-Debug";
		};
/* End XCBuildConfiguration section */

/* Begin XCConfigurationList section */
		0C72AC8BDB9A9EB13EFF1F7B /* Build configuration list for PBXNativeTarget "BicTermTests" */ = {
			isa = XCConfigurationList;
			buildConfigurations = (
				933DA422F0EB7CB3D8A26B8B /* AppStore-Debug */,
				BFC3B5EA1CAB488836E24957 /* AppStore-Release */,
				D1A25E3343FB4C2D1D1167AA /* Debug */,
				6EEAE32EDE5089C3B8CCAC98 /* Release */,
			);
			defaultConfigurationIsVisible = 0;
			defaultConfigurationName = "AppStore-Debug";
		};
		2F0ACE512DF2BA2D77E056A0 /* Build configuration list for PBXNativeTarget "BicTermUITests" */ = {
			isa = XCConfigurationList;
			buildConfigurations = (
				799D6EAC2E6ED891D5AF36FB /* AppStore-Debug */,
				C04CF983080F2312684514C4 /* AppStore-Release */,
				78B0DEECA9778787892578BC /* Debug */,
				A4EA27A98690062F3408B6AF /* Release */,
			);
			defaultConfigurationIsVisible = 0;
			defaultConfigurationName = "AppStore-Debug";
		};
		ADD9FFFA38CDDA028C5C107D /* Build configuration list for PBXNativeTarget "CoderTunnel" */ = {
			isa = XCConfigurationList;
			buildConfigurations = (
				C340BC94889C6F899FBE4A44 /* AppStore-Debug */,
				8C9AB1AC4319C9A6511D099E /* AppStore-Release */,
				5382B5BCE53B9472763F85A5 /* Debug */,
				7211B17AA7BABB87956189D7 /* Release */,
			);
			defaultConfigurationIsVisible = 0;
			defaultConfigurationName = "AppStore-Debug";
		};
		AEE4764431487797E5BC4924 /* Build configuration list for PBXProject "BicTerm" */ = {
			isa = XCConfigurationList;
			buildConfigurations = (
				F2292253691B664296631802 /* AppStore-Debug */,
				6DB16346E9B72DADB3E3D23A /* AppStore-Release */,
				1C002763E5127AE48930F488 /* Debug */,
				BC4ECFB9A8C892D7879D7F89 /* Release */,
			);
			defaultConfigurationIsVisible = 0;
			defaultConfigurationName = "AppStore-Debug";
		};
		E0C56B4A34B9E4B5D249E6DB /* Build configuration list for PBXNativeTarget "BicTerm" */ = {
			isa = XCConfigurationList;
			buildConfigurations = (
				AD98F12806241E75182E4A41 /* AppStore-Debug */,
				322219420B083DFFF9E5CCDE /* AppStore-Release */,
				568CCAB655B3277C5EC7547E /* Debug */,
				7F35403058ABD4E65D2154D1 /* Release */,
			);
			defaultConfigurationIsVisible = 0;
			defaultConfigurationName = "AppStore-Debug";
		};
/* End XCConfigurationList section */

/* Begin XCLocalSwiftPackageReference section */
		DCA4E8BB9D45A8742E13CA4B /* XCLocalSwiftPackageReference "BicTermCore" */ = {
			isa = XCLocalSwiftPackageReference;
			relativePath = BicTermCore;
		};
		E916F8941209E16887F58CFC /* XCLocalSwiftPackageReference "Vendor/SwiftTerm" */ = {
			isa = XCLocalSwiftPackageReference;
			relativePath = Vendor/SwiftTerm;
		};
/* End XCLocalSwiftPackageReference section */

/* Begin XCSwiftPackageProductDependency section */
		10A6439A3567664EED42EF68 /* BicTermCore */ = {
			isa = XCSwiftPackageProductDependency;
			productName = BicTermCore;
		};
		5EF7E11A85EA166875A298AB /* BicTermCore */ = {
			isa = XCSwiftPackageProductDependency;
			productName = BicTermCore;
		};
		9B51B5292826A7B97AEC1B8B /* SwiftTerm */ = {
			isa = XCSwiftPackageProductDependency;
			productName = SwiftTerm;
		};
/* End XCSwiftPackageProductDependency section */
	};
	rootObject = 93055CA7830C9DC92661BB4E /* Project object */;
}
